// !$*UTF8*$!
{
	archiveVersion = 1;
	classes = {
	};
	objectVersion = 77;
	objects = {

/* Begin PBXBuildFile section */
		2000C1022F93060000100933 /* UI in Frameworks */ = {isa = PBXBuildFile; productRef = 2000C1012F93060000100933 /* UI */; };
/* End PBXBuildFile section */

/* Begin PBXContainerItemProxy section */
		2000C0CA2F93051200100933 /* PBXContainerItemProxy */ = {
			isa = PBXContainerItemProxy;
			containerPortal = 2000C0B12F93050F00100933 /* Project object */;
			proxyType = 1;
			remoteGlobalIDString = 2000C0B82F93050F00100933;
			remoteInfo = Forestix;
		};
		2000C0D42F93051200100933 /* PBXContainerItemProxy */ = {
			isa = PBXContainerItemProxy;
			containerPortal = 2000C0B12F93050F00100933 /* Project object */;
			proxyType = 1;
			remoteGlobalIDString = 2000C0B82F93050F00100933;
			remoteInfo = Forestix;
		};
/* End PBXContainerItemProxy section */

/* Begin PBXFileReference section */
		2000C0B92F93050F00100933 /* Forestix.app */ = {isa = PBXFileReference; explicitFileType = wrapper.application; includeInIndex = 0; path = Forestix.app; sourceTree = BUILT_PRODUCTS_DIR; };
		2000C0C92F93051200100933 /* ForestixTests.xctest */ = {isa = PBXFileReference; explicitFileType = wrapper.cfbundle; includeInIndex = 0; path = ForestixTests.xctest; sourceTree = BUILT_PRODUCTS_DIR; };
		2000C0D32F93051200100933 /* ForestixUITests.xctest */ = {isa = PBXFileReference; explicitFileType = wrapper.cfbundle; includeInIndex = 0; path = ForestixUITests.xctest; sourceTree = BUILT_PRODUCTS_DIR; };
/* End PBXFileReference section */

/* Begin PBXFileSystemSynchronizedRootGroup section */
		2000C0BB2F93050F00100933 /* Forestix */ = {
			isa = PBXFileSystemSynchronizedRootGroup;
			path = Forestix;
			sourceTree = "<group>";
		};
		2000C0CC2F93051200100933 /* ForestixTests */ = {
			isa = PBXFileSystemSynchronizedRootGroup;
			path = ForestixTests;
			sourceTree = "<group>";
		};
		2000C0D62F93051200100933 /* ForestixUITests */ = {
			isa = PBXFileSystemSynchronizedRootGroup;
			path = ForestixUITests;
			sourceTree = "<group>";
		};
/* End PBXFileSystemSynchronizedRootGroup section */

/* Begin PBXFrameworksBuildPhase section */
		2000C0B62F93050F00100933 /* Frameworks */ = {
			isa = PBXFrameworksBuildPhase;
			buildActionMask = 2147483647;
			files = (
				2000C1022F93060000100933 /* UI in Frameworks */,
			);
			runOnlyForDeploymentPostprocessing = 0;
		};
		2000C0C62F93051200100933 /* Frameworks */ = {
			isa = PBXFrameworksBuildPhase;
			buildActionMask = 2147483647;
			files = (
			);
			runOnlyForDeploymentPostprocessing = 0;
		};
		2000C0D02F93051200100933 /* Frameworks */ = {
			isa = PBXFrameworksBuildPhase;
			buildActionMask = 2147483647;
			files = (
			);
			runOnlyForDeploymentPostprocessing = 0;
		};
/* End PBXFrameworksBuildPhase section */

/* Begin PBXGroup section */
		2000C0B02F93050F00100933 = {
			isa = PBXGroup;
			children = (
				2000C0BB2F93050F00100933 /* Forestix */,
				2000C0CC2F93051200100933 /* ForestixTests */,
				2000C0D62F93051200100933 /* ForestixUITests */,
				2000C0BA2F93050F00100933 /* Products */,
			);
			sourceTree = "<group>";
		};
		2000C0BA2F93050F00100933 /* Products */ = {
			isa = PBXGroup;
			children = (
				2000C0B92F93050F00100933 /* Forestix.app */,
				2000C0C92F93051200100933 /* ForestixTests.xctest */,
				2000C0D32F93051200100933 /* ForestixUITests.xctest */,
			);
			name = Products;
			sourceTree = "<group>";
		};
/* End PBXGroup section */

/* Begin PBXNativeTarget section */
		2000C0B82F93050F00100933 /* Forestix */ = {
			isa = PBXNativeTarget;
			buildConfigurationList = 2000C0DD2F93051200100933 /* Build configuration list for PBXNativeTarget "Forestix" */;
			buildPhases = (
				2000C0B52F93050F00100933 /* Sources */,
				2000C0B62F93050F00100933 /* Frameworks */,
				2000C0B72F93050F00100933 /* Resources */,
			);
			buildRules = (
			);
			dependencies = (
			);
			fileSystemSynchronizedGroups = (
				2000C0BB2F93050F00100933 /* Forestix */,
			);
			name = Forestix;
			packageProductDependencies = (
				2000C1012F93060000100933 /* UI */,
			);
			productName = Forestix;
			productReference = 2000C0B92F93050F00100933 /* Forestix.app */;
			productType = "com.apple.product-type.application";
		};
		2000C0C82F93051200100933 /* ForestixTests */ = {
			isa = PBXNativeTarget;
			buildConfigurationList = 2000C0E02F93051200100933 /* Build configuration list for PBXNativeTarget "ForestixTests" */;
			buildPhases = (
				2000C0C52F93051200100933 /* Sources */,
				2000C0C62F93051200100933 /* Frameworks */,
				2000C0C72F93051200100933 /* Resources */,
			);
			buildRules = (
			);
			dependencies = (
				2000C0CB2F93051200100933 /* PBXTargetDependency */,
			);
			fileSystemSynchronizedGroups = (
				2000C0CC2F93051200100933 /* ForestixTests */,
			);
			name = ForestixTests;
			packageProductDependencies = (
			);
			productName = ForestixTests;
			productReference = 2000C0C92F93051200100933 /* ForestixTests.xctest */;
			productType = "com.apple.product-type.bundle.unit-test";
		};
		2000C0D22F93051200100933 /* ForestixUITests */ = {
			isa = PBXNativeTarget;
			buildConfigurationList = 2000C0E32F93051200100933 /* Build configuration list for PBXNativeTarget "ForestixUITests" */;
			buildPhases = (
				2000C0CF2F93051200100933 /* Sources */,
				2000C0D02F93051200100933 /* Frameworks */,
				2000C0D12F93051200100933 /* Resources */,
			);
			buildRules = (
			);
			dependencies = (
				2000C0D52F93051200100933 /* PBXTargetDependency */,
			);
			fileSystemSynchronizedGroups = (
				2000C0D62F93051200100933 /* ForestixUITests */,
			);
			name = ForestixUITests;
			packageProductDependencies = (
			);
			productName = ForestixUITests;
			productReference = 2000C0D32F93051200100933 /* ForestixUITests.xctest */;
			productType = "com.apple.product-type.bundle.ui-testing";
		};
/* End PBXNativeTarget section */

/* Begin PBXProject section */
		2000C0B12F93050F00100933 /* Project object */ = {
			isa = PBXProject;
			attributes = {
				BuildIndependentTargetsInParallel = 1;
				LastSwiftUpdateCheck = 1620;
				LastUpgradeCheck = 1620;
				TargetAttributes = {
					2000C0B82F93050F00100933 = {
						CreatedOnToolsVersion = 16.2;
					};
					2000C0C82F93051200100933 = {
						CreatedOnToolsVersion = 16.2;
						TestTargetID = 2000C0B82F93050F00100933;
					};
					2000C0D22F93051200100933 = {
						CreatedOnToolsVersion = 16.2;
						TestTargetID = 2000C0B82F93050F00100933;
					};
				};
			};
			buildConfigurationList = 2000C0B42F93050F00100933 /* Build configuration list for PBXProject "Forestix" */;
			developmentRegion = en;
			hasScannedForEncodings = 0;
			knownRegions = (
				en,
				Base,
			);
			mainGroup = 2000C0B02F93050F00100933;
			minimizedProjectReferenceProxies = 1;
			packageReferences = (
				2000C1002F93060000100933 /* XCLocalSwiftPackageReference "." */,
			);
			preferredProjectObjectVersion = 77;
			productRefGroup = 2000C0BA2F93050F00100933 /* Products */;
			projectDirPath = "";
			projectRoot = "";
			targets = (
				2000C0B82F93050F00100933 /* Forestix */,
				2000C0C82F93051200100933 /* ForestixTests */,
				2000C0D22F93051200100933 /* ForestixUITests */,
			);
		};
/* End PBXProject section */

/* Begin PBXResourcesBuildPhase section */
		2000C0B72F93050F00100933 /* Resources */ = {
			isa = PBXResourcesBuildPhase;
			buildActionMask = 2147483647;
			files = (
			);
			runOnlyForDeploymentPostprocessing = 0;
		};
		2000C0C72F93051200100933 /* Resources */ = {
			isa = PBXResourcesBuildPhase;
			buildActionMask = 2147483647;
			files = (
			);
			runOnlyForDeploymentPostprocessing = 0;
		};
		2000C0D12F93051200100933 /* Resources */ = {
			isa = PBXResourcesBuildPhase;
			buildActionMask = 2147483647;
			files = (
			);
			runOnlyForDeploymentPostprocessing = 0;
		};
/* End PBXResourcesBuildPhase section */

/* Begin PBXSourcesBuildPhase section */
		2000C0B52F93050F00100933 /* Sources */ = {
			isa = PBXSourcesBuildPhase;
			buildActionMask = 2147483647;
			files = (
			);
			runOnlyForDeploymentPostprocessing = 0;
		};
		2000C0C52F93051200100933 /* Sources */ = {
			isa = PBXSourcesBuildPhase;
			buildActionMask = 2147483647;
			files = (
			);
			runOnlyForDeploymentPostprocessing = 0;
		};
		2000C0CF2F93051200100933 /* Sources */ = {
			isa = PBXSourcesBuildPhase;
			buildActionMask = 2147483647;
			files = (
			);
			runOnlyForDeploymentPostprocessing = 0;
		};
/* End PBXSourcesBuildPhase section */

/* Begin PBXTargetDependency section */
		2000C0CB2F93051200100933 /* PBXTargetDependency */ = {
			isa = PBXTargetDependency;
			target = 2000C0B82F93050F00100933 /* Forestix */;
			targetProxy = 2000C0CA2F93051200100933 /* PBXContainerItemProxy */;
		};
		2000C0D52F93051200100933 /* PBXTargetDependency */ = {
			isa = PBXTargetDependency;
			target = 2000C0B82F93050F00100933 /* Forestix */;
			targetProxy = 2000C0D42F93051200100933 /* PBXContainerItemProxy */;
		};
/* End PBXTargetDependency section */

/* Begin XCBuildConfiguration section */
		2000C0DB2F93051200100933 /* Debug */ = {
			isa = XCBuildConfiguration;
			buildSettings = {
				ALWAYS_SEARCH_USER_PATHS = NO;
				ASSETCATALOG_COMPILER_GENERATE_SWIFT_ASSET_SYMBOL_EXTENSIONS = YES;
				CLANG_ANALYZER_NONNULL = YES;
				CLANG_ANALYZER_NUMBER_OBJECT_CONVERSION = YES_AGGRESSIVE;
				CLANG_CXX_LANGUAGE_STANDARD = "gnu++20";
				CLANG_ENABLE_MODULES = YES;
				CLANG_ENABLE_OBJC_ARC = YES;
				CLANG_ENABLE_OBJC_WEAK = YES;
				CLANG_WARN_BLOCK_CAPTURE_AUTORELEASING = YES;
				CLANG_WARN_BOOL_CONVERSION = YES;
				CLANG_WARN_COMMA = YES;
				CLANG_WARN_CONSTANT_CONVERSION = YES;
				CLANG_WARN_DEPRECATED_OBJC_IMPLEMENTATIONS = YES;
				CLANG_WARN_DIRECT_OBJC_ISA_USAGE = YES_ERROR;
				CLANG_WARN_DOCUMENTATION_COMMENTS = YES;
				CLANG_WARN_EMPTY_BODY = YES;
				CLANG_WARN_ENUM_CONVERSION = YES;
				CLANG_WARN_INFINITE_RECURSION = YES;
				CLANG_WARN_INT_CONVERSION = YES;
				CLANG_WARN_NON_LITERAL_NULL_CONVERSION = YES;
				CLANG_WARN_OBJC_IMPLICIT_RETAIN_SELF = YES;
				CLANG_WARN_OBJC_LITERAL_CONVERSION = YES;
				CLANG_WARN_OBJC_ROOT_CLASS = YES_ERROR;
				CLANG_WARN_QUOTED_INCLUDE_IN_FRAMEWORK_HEADER = YES;
				CLANG_WARN_RANGE_LOOP_ANALYSIS = YES;
				CLANG_WARN_STRICT_PROTOTYPES = YES;
				CLANG_WARN_SUSPICIOUS_MOVE = YES;
				CLANG_WARN_UNGUARDED_AVAILABILITY = YES_AGGRESSIVE;
				CLANG_WARN_UNREACHABLE_CODE = YES;
				CLANG_WARN__DUPLICATE_METHOD_MATCH = YES;
				COPY_PHASE_STRIP = NO;
				DEBUG_INFORMATION_FORMAT = dwarf;
				ENABLE_STRICT_OBJC_MSGSEND = YES;
				ENABLE_TESTABILITY = YES;
				ENABLE_USER_SCRIPT_SANDBOXING = YES;
				GCC_C_LANGUAGE_STANDARD = gnu17;
				GCC_DYNAMIC_NO_PIC = NO;
				GCC_NO_COMMON_BLOCKS = YES;
				GCC_OPTIMIZATION_LEVEL = 0;
				GCC_PREPROCESSOR_DEFINITIONS = (
					"DEBUG=1",
					"$(inherited)",
				);
				GCC_WARN_64_TO_32_BIT_CONVERSION = YES;
				GCC_WARN_ABOUT_RETURN_TYPE = YES_ERROR;
				GCC_WARN_UNDECLARED_SELECTOR = YES;
				GCC_WARN_UNINITIALIZED_AUTOS = YES_AGGRESSIVE;
				GCC_WARN_UNUSED_FUNCTION = YES;
				GCC_WARN_UNUSED_VARIABLE = YES;
				IPHONEOS_DEPLOYMENT_TARGET = 18.2;
				LOCALIZATION_PREFERS_STRING_CATALOGS = YES;
				MTL_ENABLE_DEBUG_INFO = INCLUDE_SOURCE;
				MTL_FAST_MATH = YES;
				ONLY_ACTIVE_ARCH = YES;
				SDKROOT = iphoneos;
				SWIFT_ACTIVE_COMPILATION_CONDITIONS = "DEBUG $(inherited)";
				SWIFT_OPTIMIZATION_LEVEL = "-Onone";
			};
			name = Debug;
		};
		2000C0DC2F93051200100933 /* Release */ = {
			isa = XCBuildConfiguration;
			buildSettings = {
				ALWAYS_SEARCH_USER_PATHS = NO;
				ASSETCATALOG_COMPILER_GENERATE_SWIFT_ASSET_SYMBOL_EXTENSIONS = YES;
				CLANG_ANALYZER_NONNULL = YES;
				CLANG_ANALYZER_NUMBER_OBJECT_CONVERSION = YES_AGGRESSIVE;
				CLANG_CXX_LANGUAGE_STANDARD = "gnu++20";
				CLANG_ENABLE_MODULES = YES;
				CLANG_ENABLE_OBJC_ARC = YES;
				CLANG_ENABLE_OBJC_WEAK = YES;
				CLANG_WARN_BLOCK_CAPTURE_AUTORELEASING = YES;
				CLANG_WARN_BOOL_CONVERSION = YES;
				CLANG_WARN_COMMA = YES;
				CLANG_WARN_CONSTANT_CONVERSION = YES;
				CLANG_WARN_DEPRECATED_OBJC_IMPLEMENTATIONS = YES;
				CLANG_WARN_DIRECT_OBJC_ISA_USAGE = YES_ERROR;
				CLANG_WARN_DOCUMENTATION_COMMENTS = YES;
				CLANG_WARN_EMPTY_BODY = YES;
				CLANG_WARN_ENUM_CONVERSION = YES;
				CLANG_WARN_INFINITE_RECURSION = YES;
				CLANG_WARN_INT_CONVERSION = YES;
				CLANG_WARN_NON_LITERAL_NULL_CONVERSION = YES;
				CLANG_WARN_OBJC_IMPLICIT_RETAIN_SELF = YES;
				CLANG_WARN_OBJC_LITERAL_CONVERSION = YES;
				CLANG_WARN_OBJC_ROOT_CLASS = YES_ERROR;
				CLANG_WARN_QUOTED_INCLUDE_IN_FRAMEWORK_HEADER = YES;
				CLANG_WARN_RANGE_LOOP_ANALYSIS = YES;
				CLANG_WARN_STRICT_PROTOTYPES = YES;
				CLANG_WARN_SUSPICIOUS_MOVE = YES;
				CLANG_WARN_UNGUARDED_AVAILABILITY = YES_AGGRESSIVE;
				CLANG_WARN_UNREACHABLE_CODE = YES;
				CLANG_WARN__DUPLICATE_METHOD_MATCH = YES;
				COPY_PHASE_STRIP = NO;
				DEBUG_INFORMATION_FORMAT = "dwarf-with-dsym";
				ENABLE_NS_ASSERTIONS = NO;
				ENABLE_STRICT_OBJC_MSGSEND = YES;
				ENABLE_USER_SCRIPT_SANDBOXING = YES;
				GCC_C_LANGUAGE_STANDARD = gnu17;
				GCC_NO_COMMON_BLOCKS = YES;
				GCC_WARN_64_TO_32_BIT_CONVERSION = YES;
				GCC_WARN_ABOUT_RETURN_TYPE = YES_ERROR;
				GCC_WARN_UNDECLARED_SELECTOR = YES;
				GCC_WARN_UNINITIALIZED_AUTOS = YES_AGGRESSIVE;
				GCC_WARN_UNUSED_FUNCTION = YES;
				GCC_WARN_UNUSED_VARIABLE = YES;
				IPHONEOS_DEPLOYMENT_TARGET = 18.2;
				LOCALIZATION_PREFERS_STRING_CATALOGS = YES;
				MTL_ENABLE_DEBUG_INFO = NO;
				MTL_FAST_MATH = YES;
				SDKROOT = iphoneos;
				SWIFT_COMPILATION_MODE = wholemodule;
				VALIDATE_PRODUCT = YES;
			};
			name = Release;
		};
		2000C0DE2F93051200100933 /* Debug */ = {
			isa = XCBuildConfiguration;
			buildSettings = {
				ASSETCATALOG_COMPILER_APPICON_NAME = AppIcon;
				ASSETCATALOG_COMPILER_GLOBAL_ACCENT_COLOR_NAME = AccentColor;
				CODE_SIGN_STYLE = Automatic;
				CURRENT_PROJECT_VERSION = 1;
				DEVELOPMENT_ASSET_PATHS = "\"Forestix/Preview Content\"";
				DEVELOPMENT_TEAM = 2PH76TF2YG;
				ENABLE_PREVIEWS = YES;
				GENERATE_INFOPLIST_FILE = YES;
				INFOPLIST_KEY_NSCameraUsageDescription = "Forestix uses the camera for AR-based DBH measurement, tree height scans, and plot boundary visualisation.";
				INFOPLIST_KEY_NSLocationWhenInUseUsageDescription = "Forestix needs location access to navigate between plots, record plot centers with GPS averaging, and produce exportable track logs.";
				INFOPLIST_KEY_NSMicrophoneUsageDescription = "Forestix uses the microphone only while you hold the mic button during species entry. Audio is processed on-device and never leaves the phone.";
				INFOPLIST_KEY_NSMotionUsageDescription = "Forestix reads device motion to measure the phone's pitch at the moment a tree-height scan is captured (spec u00a77.2).";
				INFOPLIST_KEY_NSSpeechRecognitionUsageDescription = "Forestix recognises species names you say aloud, entirely on-device, so you can pick a species without taking off gloves.";
				INFOPLIST_KEY_UIApplicationSceneManifest_Generation = YES;
				INFOPLIST_KEY_UIApplicationSupportsIndirectInputEvents = YES;
				INFOPLIST_KEY_UILaunchScreen_Generation = YES;
				INFOPLIST_KEY_UISupportedInterfaceOrientations_iPad = "UIInterfaceOrientationPortrait UIInterfaceOrientationPortraitUpsideDown UIInterfaceOrientationLandscapeLeft UIInterfaceOrientationLandscapeRight";
				INFOPLIST_KEY_UISupportedInterfaceOrientations_iPhone = UIInterfaceOrientationPortrait;
				LD_RUNPATH_SEARCH_PATHS = (
					"$(inherited)",
					"@executable_path/Frameworks",
				);
				MARKETING_VERSION = 1.0;
				PRODUCT_BUNDLE_IDENTIFIER = com.hcjeong.Forestix;
				PRODUCT_NAME = "$(TARGET_NAME)";
				SWIFT_EMIT_LOC_STRINGS = YES;
				SWIFT_VERSION = 5.0;
				TARGETED_DEVICE_FAMILY = "1,2";
			};
			name = Debug;
		};
		2000C0DF2F93051200100933 /* Release */ = {
			isa = XCBuildConfiguration;
			buildSettings = {
				ASSETCATALOG_COMPILER_APPICON_NAME = AppIcon;
				ASSETCATALOG_COMPILER_GLOBAL_ACCENT_COLOR_NAME = AccentColor;
				CODE_SIGN_STYLE = Automatic;
				CURRENT_PROJECT_VERSION = 1;
				DEVELOPMENT_ASSET_PATHS = "\"Forestix/Preview Content\"";
				DEVELOPMENT_TEAM = 2PH76TF2YG;
				ENABLE_PREVIEWS = YES;
				GENERATE_INFOPLIST_FILE = YES;
				INFOPLIST_KEY_NSCameraUsageDescription = "Forestix uses the camera for AR-based DBH measurement, tree height scans, and plot boundary visualisation.";
				INFOPLIST_KEY_NSLocationWhenInUseUsageDescription = "Forestix needs location access to navigate between plots, record plot centers with GPS averaging, and produce exportable track logs.";
				INFOPLIST_KEY_NSMicrophoneUsageDescription = "Forestix uses the microphone only while you hold the mic button during species entry. Audio is processed on-device and never leaves the phone.";
				INFOPLIST_KEY_NSMotionUsageDescription = "Forestix reads device motion to measure the phone's pitch at the moment a tree-height scan is captured (spec u00a77.2).";
				INFOPLIST_KEY_NSSpeechRecognitionUsageDescription = "Forestix recognises species names you say aloud, entirely on-device, so you can pick a species without taking off gloves.";
				INFOPLIST_KEY_UIApplicationSceneManifest_Generation = YES;
				INFOPLIST_KEY_UIApplicationSupportsIndirectInputEvents = YES;
				INFOPLIST_KEY_UILaunchScreen_Generation = YES;
				INFOPLIST_KEY_UISupportedInterfaceOrientations_iPad = "UIInterfaceOrientationPortrait UIInterfaceOrientationPortraitUpsideDown UIInterfaceOrientationLandscapeLeft UIInterfaceOrientationLandscapeRight";
				INFOPLIST_KEY_UISupportedInterfaceOrientations_iPhone = UIInterfaceOrientationPortrait;
				LD_RUNPATH_SEARCH_PATHS = (
					"$(inherited)",
					"@executable_path/Frameworks",
				);
				MARKETING_VERSION = 1.0;
				PRODUCT_BUNDLE_IDENTIFIER = com.hcjeong.Forestix;
				PRODUCT_NAME = "$(TARGET_NAME)";
				SWIFT_EMIT_LOC_STRINGS = YES;
				SWIFT_VERSION = 5.0;
				TARGETED_DEVICE_FAMILY = "1,2";
			};
			name = Release;
		};
		2000C0E12F93051200100933 /* Debug */ = {
			isa = XCBuildConfiguration;
			buildSettings = {
				BUNDLE_LOADER = "$(TEST_HOST)";
				CODE_SIGN_STYLE = Automatic;
				CURRENT_PROJECT_VERSION = 1;
				DEVELOPMENT_TEAM = 2PH76TF2YG;
				GENERATE_INFOPLIST_FILE = YES;
				IPHONEOS_DEPLOYMENT_TARGET = 18.2;
				MARKETING_VERSION = 1.0;
				PRODUCT_BUNDLE_IDENTIFIER = com.hcjeong.ForestixTests;
				PRODUCT_NAME = "$(TARGET_NAME)";
				SWIFT_EMIT_LOC_STRINGS = NO;
				SWIFT_VERSION = 5.0;
				TARGETED_DEVICE_FAMILY = "1,2";
				TEST_HOST = "$(BUILT_PRODUCTS_DIR)/Forestix.app/$(BUNDLE_EXECUTABLE_FOLDER_PATH)/Forestix";
			};
			name = Debug;
		};
		2000C0E22F93051200100933 /* Release */ = {
			isa = XCBuildConfiguration;
			buildSettings = {
				BUNDLE_LOADER = "$(TEST_HOST)";
				CODE_SIGN_STYLE = Automatic;
				CURRENT_PROJECT_VERSION = 1;
				DEVELOPMENT_TEAM = 2PH76TF2YG;
				GENERATE_INFOPLIST_FILE = YES;
				IPHONEOS_DEPLOYMENT_TARGET = 18.2;
				MARKETING_VERSION = 1.0;
				PRODUCT_BUNDLE_IDENTIFIER = com.hcjeong.ForestixTests;
				PRODUCT_NAME = "$(TARGET_NAME)";
				SWIFT_EMIT_LOC_STRINGS = NO;
				SWIFT_VERSION = 5.0;
				TARGETED_DEVICE_FAMILY = "1,2";
				TEST_HOST = "$(BUILT_PRODUCTS_DIR)/Forestix.app/$(BUNDLE_EXECUTABLE_FOLDER_PATH)/Forestix";
			};
			name = Release;
		};
		2000C0E42F93051200100933 /* Debug */ = {
			isa = XCBuildConfiguration;
			buildSettings = {
				CODE_SIGN_STYLE = Automatic;
				CURRENT_PROJECT_VERSION = 1;
				DEVELOPMENT_TEAM = 2PH76TF2YG;
				GENERATE_INFOPLIST_FILE = YES;
				MARKETING_VERSION = 1.0;
				PRODUCT_BUNDLE_IDENTIFIER = com.hcjeong.ForestixUITests;
				PRODUCT_NAME = "$(TARGET_NAME)";
				SWIFT_EMIT_LOC_STRINGS = NO;
				SWIFT_VERSION = 5.0;
				TARGETED_DEVICE_FAMILY = "1,2";
				TEST_TARGET_NAME = Forestix;
			};
			name = Debug;
		};
		2000C0E52F93051200100933 /* Release */ = {
			isa = XCBuildConfiguration;
			buildSettings = {
				CODE_SIGN_STYLE = Automatic;
				CURRENT_PROJECT_VERSION = 1;
				DEVELOPMENT_TEAM = 2PH76TF2YG;
				GENERATE_INFOPLIST_FILE = YES;
				MARKETING_VERSION = 1.0;
				PRODUCT_BUNDLE_IDENTIFIER = com.hcjeong.ForestixUITests;
				PRODUCT_NAME = "$(TARGET_NAME)";
				SWIFT_EMIT_LOC_STRINGS = NO;
				SWIFT_VERSION = 5.0;
				TARGETED_DEVICE_FAMILY = "1,2";
				TEST_TARGET_NAME = Forestix;
			};
			name = Release;
		};
/* End XCBuildConfiguration section */

/* Begin XCConfigurationList section */
		2000C0B42F93050F00100933 /* Build configuration list for PBXProject "Forestix" */ = {
			isa = XCConfigurationList;
			buildConfigurations = (
				2000C0DB2F93051200100933 /* Debug */,
				2000C0DC2F93051200100933 /* Release */,
			);
			defaultConfigurationIsVisible = 0;
			defaultConfigurationName = Release;
		};
		2000C0DD2F93051200100933 /* Build configuration list for PBXNativeTarget "Forestix" */ = {
			isa = XCConfigurationList;
			buildConfigurations = (
				2000C0DE2F93051200100933 /* Debug */,
				2000C0DF2F93051200100933 /* Release */,
			);
			defaultConfigurationIsVisible = 0;
			defaultConfigurationName = Release;
		};
		2000C0E02F93051200100933 /* Build configuration list for PBXNativeTarget "ForestixTests" */ = {
			isa = XCConfigurationList;
			buildConfigurations = (
				2000C0E12F93051200100933 /* Debug */,
				2000C0E22F93051200100933 /* Release */,
			);
			defaultConfigurationIsVisible = 0;
			defaultConfigurationName = Release;
		};
		2000C0E32F93051200100933 /* Build configuration list for PBXNativeTarget "ForestixUITests" */ = {
			isa = XCConfigurationList;
			buildConfigurations = (
				2000C0E42F93051200100933 /* Debug */,
				2000C0E52F93051200100933 /* Release */,
			);
			defaultConfigurationIsVisible = 0;
			defaultConfigurationName = Release;
		};
/* End XCConfigurationList section */

/* Begin XCLocalSwiftPackageReference section */
		2000C1002F93060000100933 /* XCLocalSwiftPackageReference "." */ = {
			isa = XCLocalSwiftPackageReference;
			relativePath = .;
		};
/* End XCLocalSwiftPackageReference section */

/* Begin XCSwiftPackageProductDependency section */
		2000C1012F93060000100933 /* UI */ = {
			isa = XCSwiftPackageProductDependency;
			productName = UI;
		};
/* End XCSwiftPackageProductDependency section */
	};
	rootObject = 2000C0B12F93050F00100933 /* Project object */;
}
